
Microsoft Visual Studio Solution File, Format Version 12.00
# Visual Studio Version 17
VisualStudioVersion = 17.11.35303.130
MinimumVisualStudioVersion = 10.0.40219.1
Project("{2150E333-8FDC-42A3-9474-1A3956D46DE8}") = "Task0", "Task0", "{869E39A7-CBD8-4D02-8EFD-4E31877C8A5F}"
EndProject
Project("{9A19103F-16F7-4668-BE54-9A1E7A4F7556}") = "Tyuiu.LavrentevDA.Sprint0.Task0.V0", "Tyuiu.LavrentevDA.Sprint0.Task0.V0\Tyuiu.LavrentevDA.Sprint0.Task0.V0.csproj", "{E2C4B20A-7DF9-43EE-AB23-10ED448E4407}"
EndProject
Project("{2150E333-8FDC-42A3-9474-1A3956D46DE8}") = "Task1", "Task1", "{17A58889-D353-4709-B588-324C5EF17658}"
EndProject
Project("{9A19103F-16F7-4668-BE54-9A1E7A4F7556}") = "Tyuiu.LavrentevDA.Sprint0.Task1.V0", "Tyuiu.LavrentevDA.Sprint0.Task1.V0\Tyuiu.LavrentevDA.Sprint0.Task1.V0.csproj", "{BBE7DEC9-1720-46D2-88D9-5504626A26BD}"
EndProject
Project("{2150E333-8FDC-42A3-9474-1A3956D46DE8}") = "Task2", "Task2", "{E8CB208C-E8F5-4BB2-A86E-AD356A21F76F}"
EndProject
Project("{9A19103F-16F7-4668-BE54-9A1E7A4F7556}") = "Tyuiu.LavrentevDA.Sprint0.Task2.V0", "Tyuiu.LavrentevDA.Sprint0.Task2.V0\Tyuiu.LavrentevDA.Sprint0.Task2.V0.csproj", "{D09E5D5F-33D1-454A-9D9C-545DDF9DB7AF}"
EndProject
Project("{9A19103F-16F7-4668-BE54-9A1E7A4F7556}") = "Tyuiu.LavrentevDA.Sprint0.Task2.V0.Lib", "Tyuiu.LavrentevDA.Sprint0.Task2.V0.Lib\Tyuiu.LavrentevDA.Sprint0.Task2.V0.Lib.csproj", "{EA822DFE-016F-4587-BF41-C31DA75D22EC}"
EndProject
Project("{9A19103F-16F7-4668-BE54-9A1E7A4F7556}") = "Tyuiu.LavrentevDA.Sprint0.Task2.V0.Test", "Tyuiu.LavrentevDA.Sprint0.Task2.V0.Test\Tyuiu.LavrentevDA.Sprint0.Task2.V0.Test.csproj", "{4BD3B2AC-3460-418F-8E9A-924FE4B25C51}"
EndProject
Project("{2150E333-8FDC-42A3-9474-1A3956D46DE8}") = "Task3", "Task3", "{0F887291-7EDC-41C5-B056-CFA74ADD5163}"
EndProject
Project("{FAE04EC0-301F-11D3-BF4B-00C04F79EFBC}") = "Tyuiu.LavrentevDA.Sprint0.Task3.V0.Lib", "Tyuiu.LavrentevDA.Sprint0.Task3.V0.Lib\Tyuiu.LavrentevDA.Sprint0.Task3.V0.Lib.csproj", "{740868A0-19C2-41C7-8F2E-A3761087AB56}"
EndProject
Project("{FAE04EC0-301F-11D3-BF4B-00C04F79EFBC}") = "Tyuiu.LavrentrevDA.Sprint0.Task3.V0.Test", "Tyuiu.LavrentrevDA.Sprint0.Task3.V0.Test\Tyuiu.LavrentrevDA.Sprint0.Task3.V0.Test.csproj", "{98162C36-5444-42E5-932E-33F65C6CAD25}"
EndProject
Project("{FAE04EC0-301F-11D3-BF4B-00C04F79EFBC}") = "Tyuiu.LavrentevDA.Sprint0.Task3.V0", "Tyuiu.LavrentevDA.Sprint0.Task3.V0\Tyuiu.LavrentevDA.Sprint0.Task3.V0.csproj", "{8D5794D0-AF7A-4836-8C92-E0DC18A124ED}"
EndProject
Project("{2150E333-8FDC-42A3-9474-1A3956D46DE8}") = "Task4", "Task4", "{B68FC417-6409-4881-91C5-7488BD2BC177}"
EndProject
Project("{FAE04EC0-301F-11D3-BF4B-00C04F79EFBC}") = "Tyuiu.LavrentevDA.Sprint0.Task4.V0", "Tyuiu.LavrentevDA.Sprint0.Task4.V0\Tyuiu.LavrentevDA.Sprint0.Task4.V0.csproj", "{315C53D5-6AA5-4A18-936A-4F7CD4B5B6D4}"
EndProject
Project("{FAE04EC0-301F-11D3-BF4B-00C04F79EFBC}") = "Tyuiu.LavrentevDA.Sprint0.Task4.V0.Lib", "Tyuiu.LavrentevDA.Sprint0.Task4.V0.Lib\Tyuiu.LavrentevDA.Sprint0.Task4.V0.Lib.csproj", "{ACA273DC-C01D-4CD6-8F3B-9BBDBE8DEBAA}"
EndProject
Project("{FAE04EC0-301F-11D3-BF4B-00C04F79EFBC}") = "Tyuiu.LavrentevDA.Sprint0.Task4.V0.Test", "Tyuiu.LavrentevDA.Sprint0.Task4.V0.Test\Tyuiu.LavrentevDA.Sprint0.Task4.V0.Test.csproj", "{E1B0B134-AD50-417F-908A-92F418B4F75A}"
EndProject
Global
	GlobalSection(SolutionConfigurationPlatforms) = preSolution
		Debug|Any CPU = Debug|Any CPU
		Release|Any CPU = Release|Any CPU
	EndGlobalSection
	GlobalSection(ProjectConfigurationPlatforms) = postSolution
		{E2C4B20A-7DF9-43EE-AB23-10ED448E4407}.Debug|Any CPU.ActiveCfg = Debug|Any CPU
		{E2C4B20A-7DF9-43EE-AB23-10ED448E4407}.Debug|Any CPU.Build.0 = Debug|Any CPU
		{E2C4B20A-7DF9-43EE-AB23-10ED448E4407}.Release|Any CPU.ActiveCfg = Release|Any CPU
		{E2C4B20A-7DF9-43EE-AB23-10ED448E4407}.Release|Any CPU.Build.0 = Release|Any CPU
		{BBE7DEC9-1720-46D2-88D9-5504626A26BD}.Debug|Any CPU.ActiveCfg = Debug|Any CPU
		{BBE7DEC9-1720-46D2-88D9-5504626A26BD}.Debug|Any CPU.Build.0 = Debug|Any CPU
		{BBE7DEC9-1720-46D2-88D9-5504626A26BD}.Release|Any CPU.ActiveCfg = Release|Any CPU
		{BBE7DEC9-1720-46D2-88D9-5504626A26BD}.Release|Any CPU.Build.0 = Release|Any CPU
		{D09E5D5F-33D1-454A-9D9C-545DDF9DB7AF}.Debug|Any CPU.ActiveCfg = Debug|Any CPU
		{D09E5D5F-33D1-454A-9D9C-545DDF9DB7AF}.Debug|Any CPU.Build.0 = Debug|Any CPU
		{D09E5D5F-33D1-454A-9D9C-545DDF9DB7AF}.Release|Any CPU.ActiveCfg = Release|Any CPU
		{D09E5D5F-33D1-454A-9D9C-545DDF9DB7AF}.Release|Any CPU.Build.0 = Release|Any CPU
		{EA822DFE-016F-4587-BF41-C31DA75D22EC}.Debug|Any CPU.ActiveCfg = Debug|Any CPU
		{EA822DFE-016F-4587-BF41-C31DA75D22EC}.Debug|Any CPU.Build.0 = Debug|Any CPU
		{EA822DFE-016F-4587-BF41-C31DA75D22EC}.Release|Any CPU.ActiveCfg = Release|Any CPU
		{EA822DFE-016F-4587-BF41-C31DA75D22EC}.Release|Any CPU.Build.0 = Release|Any CPU
		{4BD3B2AC-3460-418F-8E9A-924FE4B25C51}.Debug|Any CPU.ActiveCfg = Debug|Any CPU
		{4BD3B2AC-3460-418F-8E9A-924FE4B25C51}.Debug|Any CPU.Build.0 = Debug|Any CPU
		{4BD3B2AC-3460-418F-8E9A-924FE4B25C51}.Release|Any CPU.ActiveCfg = Release|Any CPU
		{4BD3B2AC-3460-418F-8E9A-924FE4B25C51}.Release|Any CPU.Build.0 = Release|Any CPU
		{740868A0-19C2-41C7-8F2E-A3761087AB56}.Debug|Any CPU.ActiveCfg = Debug|Any CPU
		{740868A0-19C2-41C7-8F2E-A3761087AB56}.Debug|Any CPU.Build.0 = Debug|Any CPU
		{740868A0-19C2-41C7-8F2E-A3761087AB56}.Release|Any CPU.ActiveCfg = Release|Any CPU
		{740868A0-19C2-41C7-8F2E-A3761087AB56}.Release|Any CPU.Build.0 = Release|Any CPU
		{98162C36-5444-42E5-932E-33F65C6CAD25}.Debug|Any CPU.ActiveCfg = Debug|Any CPU
		{98162C36-5444-42E5-932E-33F65C6CAD25}.Debug|Any CPU.Build.0 = Debug|Any CPU
		{98162C36-5444-42E5-932E-33F65C6CAD25}.Release|Any CPU.ActiveCfg = Release|Any CPU
		{98162C36-5444-42E5-932E-33F65C6CAD25}.Release|Any CPU.Build.0 = Release|Any CPU
		{8D5794D0-AF7A-4836-8C92-E0DC18A124ED}.Debug|Any CPU.ActiveCfg = Debug|Any CPU
		{8D5794D0-AF7A-4836-8C92-E0DC18A124ED}.Debug|Any CPU.Build.0 = Debug|Any CPU
		{8D5794D0-AF7A-4836-8C92-E0DC18A124ED}.Release|Any CPU.ActiveCfg = Release|Any CPU
		{8D5794D0-AF7A-4836-8C92-E0DC18A124ED}.Release|Any CPU.Build.0 = Release|Any CPU
		{315C53D5-6AA5-4A18-936A-4F7CD4B5B6D4}.Debug|Any CPU.ActiveCfg = Debug|Any CPU
		{315C53D5-6AA5-4A18-936A-4F7CD4B5B6D4}.Debug|Any CPU.Build.0 = Debug|Any CPU
		{315C53D5-6AA5-4A18-936A-4F7CD4B5B6D4}.Release|Any CPU.ActiveCfg = Release|Any CPU
		{315C53D5-6AA5-4A18-936A-4F7CD4B5B6D4}.Release|Any CPU.Build.0 = Release|Any CPU
		{ACA273DC-C01D-4CD6-8F3B-9BBDBE8DEBAA}.Debug|Any CPU.ActiveCfg = Debug|Any CPU
		{ACA273DC-C01D-4CD6-8F3B-9BBDBE8DEBAA}.Debug|Any CPU.Build.0 = Debug|Any CPU
		{ACA273DC-C01D-4CD6-8F3B-9BBDBE8DEBAA}.Release|Any CPU.ActiveCfg = Release|Any CPU
		{ACA273DC-C01D-4CD6-8F3B-9BBDBE8DEBAA}.Release|Any CPU.Build.0 = Release|Any CPU
		{E1B0B134-AD50-417F-908A-92F418B4F75A}.Debug|Any CPU.ActiveCfg = Debug|Any CPU
		{E1B0B134-AD50-417F-908A-92F418B4F75A}.Debug|Any CPU.Build.0 = Debug|Any CPU
		{E1B0B134-AD50-417F-908A-92F418B4F75A}.Release|Any CPU.ActiveCfg = Release|Any CPU
		{E1B0B134-AD50-417F-908A-92F418B4F75A}.Release|Any CPU.Build.0 = Release|Any CPU
	EndGlobalSection
	GlobalSection(SolutionProperties) = preSolution
		HideSolutionNode = FALSE
	EndGlobalSection
	GlobalSection(NestedProjects) = preSolution
		{E2C4B20A-7DF9-43EE-AB23-10ED448E4407} = {869E39A7-CBD8-4D02-8EFD-4E31877C8A5F}
		{BBE7DEC9-1720-46D2-88D9-5504626A26BD} = {17A58889-D353-4709-B588-324C5EF17658}
		{D09E5D5F-33D1-454A-9D9C-545DDF9DB7AF} = {E8CB208C-E8F5-4BB2-A86E-AD356A21F76F}
		{EA822DFE-016F-4587-BF41-C31DA75D22EC} = {E8CB208C-E8F5-4BB2-A86E-AD356A21F76F}
		{4BD3B2AC-3460-418F-8E9A-924FE4B25C51} = {E8CB208C-E8F5-4BB2-A86E-AD356A21F76F}
		{740868A0-19C2-41C7-8F2E-A3761087AB56} = {0F887291-7EDC-41C5-B056-CFA74ADD5163}
		{98162C36-5444-42E5-932E-33F65C6CAD25} = {0F887291-7EDC-41C5-B056-CFA74ADD5163}
		{8D5794D0-AF7A-4836-8C92-E0DC18A124ED} = {0F887291-7EDC-41C5-B056-CFA74ADD5163}
		{315C53D5-6AA5-4A18-936A-4F7CD4B5B6D4} = {B68FC417-6409-4881-91C5-7488BD2BC177}
		{ACA273DC-C01D-4CD6-8F3B-9BBDBE8DEBAA} = {B68FC417-6409-4881-91C5-7488BD2BC177}
		{E1B0B134-AD50-417F-908A-92F418B4F75A} = {B68FC417-6409-4881-91C5-7488BD2BC177}
	EndGlobalSection
	GlobalSection(ExtensibilityGlobals) = postSolution
		SolutionGuid = {0DEA1871-709B-4007-AD31-2310EA2E1CA8}
	EndGlobalSection
EndGlobal
